// !$*UTF8*$!
{
	archiveVersion = 1;
	classes = {
	};
	objectVersion = 50;
	objects = {

/* Begin PBXBuildFile section */
		CCEE327D24DBAF12005B6C76 /* AppDelegate.swift in Sources */ = {isa = PBXBuildFile; fileRef = CCEE327C24DBAF12005B6C76 /* AppDelegate.swift */; };
		CCEE327F24DBAF12005B6C76 /* SceneDelegate.swift in Sources */ = {isa = PBXBuildFile; fileRef = CCEE327E24DBAF12005B6C76 /* SceneDelegate.swift */; };
		CCEE328224DBAF12005B6C76 /* NeoWeather.xcdatamodeld in Sources */ = {isa = PBXBuildFile; fileRef = CCEE328024DBAF12005B6C76 /* NeoWeather.xcdatamodeld */; };
		CCEE328424DBAF12005B6C76 /* ContentView.swift in Sources */ = {isa = PBXBuildFile; fileRef = CCEE328324DBAF12005B6C76 /* ContentView.swift */; };
		CCEE328624DBAF17005B6C76 /* Assets.xcassets in Resources */ = {isa = PBXBuildFile; fileRef = CCEE328524DBAF17005B6C76 /* Assets.xcassets */; };
		CCEE328924DBAF17005B6C76 /* Preview Assets.xcassets in Resources */ = {isa = PBXBuildFile; fileRef = CCEE328824DBAF17005B6C76 /* Preview Assets.xcassets */; };
		CCEE328C24DBAF17005B6C76 /* LaunchScreen.storyboard in Resources */ = {isa = PBXBuildFile; fileRef = CCEE328A24DBAF17005B6C76 /* LaunchScreen.storyboard */; };
/* End PBXBuildFile section */

/* Begin PBXFileReference section */
		CCEE327924DBAF12005B6C76 /* NeoWeather.app */ = {isa = PBXFileReference; explicitFileType = wrapper.application; includeInIndex = 0; path = NeoWeather.app; sourceTree = BUILT_PRODUCTS_DIR; };
		CCEE327C24DBAF12005B6C76 /* AppDelegate.swift */ = {isa = PBXFileReference; lastKnownFileType = sourcecode.swift; path = AppDelegate.swift; sourceTree = "<group>"; };
		CCEE327E24DBAF12005B6C76 /* SceneDelegate.swift */ = {isa = PBXFileReference; lastKnownFileType = sourcecode.swift; path = SceneDelegate.swift; sourceTree = "<group>"; };
		CCEE328124DBAF12005B6C76 /* NeoWeather.xcdatamodel */ = {isa = PBXFileReference; lastKnownFileType = wrapper.xcdatamodel; path = NeoWeather.xcdatamodel; sourceTree = "<group>"; };
		CCEE328324DBAF12005B6C76 /* ContentView.swift */ = {isa = PBXFileReference; lastKnownFileType = sourcecode.swift; path = ContentView.swift; sourceTree = "<group>"; };
		CCEE328524DBAF17005B6C76 /* Assets.xcassets */ = {isa = PBXFileReference; lastKnownFileType = folder.assetcatalog; path = Assets.xcassets; sourceTree = "<group>"; };
		CCEE328824DBAF17005B6C76 /* Preview Assets.xcassets */ = {isa = PBXFileReference; lastKnownFileType = folder.assetcatalog; path = "Preview Assets.xcassets"; sourceTree = "<group>"; };
		CCEE328B24DBAF17005B6C76 /* Base */ = {isa = PBXFileReference; lastKnownFileType = file.storyboard; name = Base; path = Base.lproj/LaunchScreen.storyboard; sourceTree = "<group>"; };
		CCEE328D24DBAF17005B6C76 /* Info.plist */ = {isa = PBXFileReference; lastKnownFileType = text.plist.xml; path = Info.plist; sourceTree = "<group>"; };
/* End PBXFileReference section */

/* Begin PBXFrameworksBuildPhase section */
		CCEE327624DBAF12005B6C76 /* Frameworks */ = {
			isa = PBXFrameworksBuildPhase;
			buildActionMask = 2147483647;
			files = (
			);
			runOnlyForDeploymentPostprocessing = 0;
		};
/* End PBXFrameworksBuildPhase section */

/* Begin PBXGroup section */
		CCEE327024DBAF12005B6C76 = {
			isa = PBXGroup;
			children = (
				CCEE327B24DBAF12005B6C76 /* NeoWeather */,
				CCEE327A24DBAF12005B6C76 /* Products */,
			);
			sourceTree = "<group>";
		};
		CCEE327A24DBAF12005B6C76 /* Products */ = {
			isa = PBXGroup;
			children = (
				CCEE327924DBAF12005B6C76 /* NeoWeather.app */,
			);
			name = Products;
			sourceTree = "<group>";
		};
		CCEE327B24DBAF12005B6C76 /* NeoWeather */ = {
			isa = PBXGroup;
			children = (
				CCEE327C24DBAF12005B6C76 /* AppDelegate.swift */,
				CCEE327E24DBAF12005B6C76 /* SceneDelegate.swift */,
				CCEE328324DBAF12005B6C76 /* ContentView.swift */,
				CCEE328524DBAF17005B6C76 /* Assets.xcassets */,
				CCEE328A24DBAF17005B6C76 /* LaunchScreen.storyboard */,
				CCEE328D24DBAF17005B6C76 /* Info.plist */,
				CCEE328024DBAF12005B6C76 /* NeoWeather.xcdatamodeld */,
				CCEE328724DBAF17005B6C76 /* Preview Content */,
			);
			path = NeoWeather;
			sourceTree = "<group>";
		};
		CCEE328724DBAF17005B6C76 /* Preview Content */ = {
			isa = PBXGroup;
			children = (
				CCEE328824DBAF17005B6C76 /* Preview Assets.xcassets */,
			);
			path = "Preview Content";
			sourceTree = "<group>";
		};
/* End PBXGroup section */

/* Begin PBXNativeTarget section */
		CCEE327824DBAF12005B6C76 /* NeoWeather */ = {
			isa = PBXNativeTarget;
			buildConfigurationList = CCEE329024DBAF17005B6C76 /* Build configuration list for PBXNativeTarget "NeoWeather" */;
			buildPhases = (
				CCEE327524DBAF12005B6C76 /* Sources */,
				CCEE327624DBAF12005B6C76 /* Frameworks */,
				CCEE327724DBAF12005B6C76 /* Resources */,
			);
			buildRules = (
			);
			dependencies = (
			);
			name = NeoWeather;
			productName = NeoWeather;
			productReference = CCEE327924DBAF12005B6C76 /* NeoWeather.app */;
			productType = "com.apple.product-type.application";
		};
/* End PBXNativeTarget section */

/* Begin PBXProject section */
		CCEE327124DBAF12005B6C76 /* Project object */ = {
			isa = PBXProject;
			attributes = {
				LastSwiftUpdateCheck = 1160;
				LastUpgradeCheck = 1160;
				ORGANIZATIONNAME = "Michael Haviv";
				TargetAttributes = {
					CCEE327824DBAF12005B6C76 = {
						CreatedOnToolsVersion = 11.6;
					};
				};
			};
			buildConfigurationList = CCEE327424DBAF12005B6C76 /* Build configuration list for PBXProject "NeoWeather" */;
			compatibilityVersion = "Xcode 9.3";
			developmentRegion = en;
			hasScannedForEncodings = 0;
			knownRegions = (
				en,
				Base,
			);
			mainGroup = CCEE327024DBAF12005B6C76;
			productRefGroup = CCEE327A24DBAF12005B6C76 /* Products */;
			projectDirPath = "";
			projectRoot = "";
			targets = (
				CCEE327824DBAF12005B6C76 /* NeoWeather */,
			);
		};
/* End PBXProject section */

/* Begin PBXResourcesBuildPhase section */
		CCEE327724DBAF12005B6C76 /* Resources */ = {
			isa = PBXResourcesBuildPhase;
			buildActionMask = 2147483647;
			files = (
				CCEE328C24DBAF17005B6C76 /* LaunchScreen.storyboard in Resources */,
				CCEE328924DBAF17005B6C76 /* Preview Assets.xcassets in Resources */,
				CCEE328624DBAF17005B6C76 /* Assets.xcassets in Resources */,
			);
			runOnlyForDeploymentPostprocessing = 0;
		};
/* End PBXResourcesBuildPhase section */

/* Begin PBXSourcesBuildPhase section */
		CCEE327524DBAF12005B6C76 /* Sources */ = {
			isa = PBXSourcesBuildPhase;
			buildActionMask = 2147483647;
			files = (
				CCEE328224DBAF12005B6C76 /* NeoWeather.xcdatamodeld in Sources */,
				CCEE327D24DBAF12005B6C76 /* AppDelegate.swift in Sources */,
				CCEE328424DBAF12005B6C76 /* ContentView.swift in Sources */,
				CCEE327F24DBAF12005B6C76 /* SceneDelegate.swift in Sources */,
			);
			runOnlyForDeploymentPostprocessing = 0;
		};
/* End PBXSourcesBuildPhase section */

/* Begin PBXVariantGroup section */
		CCEE328A24DBAF17005B6C76 /* LaunchScreen.storyboard */ = {
			isa = PBXVariantGroup;
			children = (
				CCEE328B24DBAF17005B6C76 /* Base */,
			);
			name = LaunchScreen.storyboard;
			sourceTree = "<group>";
		};
/* End PBXVariantGroup section */

/* Begin XCBuildConfiguration section */
		CCEE328E24DBAF17005B6C76 /* Debug */ = {
			isa = XCBuildConfiguration;
			buildSettings = {
				ALWAYS_SEARCH_USER_PATHS = NO;
				CLANG_ANALYZER_NONNULL = YES;
				CLANG_ANALYZER_NUMBER_OBJECT_CONVERSION = YES_AGGRESSIVE;
				CLANG_CXX_LANGUAGE_STANDARD = "gnu++14";
				CLANG_CXX_LIBRARY = "libc++";
				CLANG_ENABLE_MODULES = YES;
				CLANG_ENABLE_OBJC_ARC = YES;
				CLANG_ENABLE_OBJC_WEAK = YES;
				CLANG_WARN_BLOCK_CAPTURE_AUTORELEASING = YES;
				CLANG_WARN_BOOL_CONVERSION = YES;
				CLANG_WARN_COMMA = YES;
				CLANG_WARN_CONSTANT_CONVERSION = YES;
				CLANG_WARN_DEPRECATED_OBJC_IMPLEMENTATIONS = YES;
				CLANG_WARN_DIRECT_OBJC_ISA_USAGE = YES_ERROR;
				CLANG_WARN_DOCUMENTATION_COMMENTS = YES;
				CLANG_WARN_EMPTY_BODY = YES;
				CLANG_WARN_ENUM_CONVERSION = YES;
				CLANG_WARN_INFINITE_RECURSION = YES;
				CLANG_WARN_INT_CONVERSION = YES;
				CLANG_WARN_NON_LITERAL_NULL_CONVERSION = YES;
				CLANG_WARN_OBJC_IMPLICIT_RETAIN_SELF = YES;
				CLANG_WARN_OBJC_LITERAL_CONVERSION = YES;
				CLANG_WARN_OBJC_ROOT_CLASS = YES_ERROR;
				CLANG_WARN_RANGE_LOOP_ANALYSIS = YES;
				CLANG_WARN_STRICT_PROTOTYPES = YES;
				CLANG_WARN_SUSPICIOUS_MOVE = YES;
				CLANG_WARN_UNGUARDED_AVAILABILITY = YES_AGGRESSIVE;
				CLANG_WARN_UNREACHABLE_CODE = YES;
				CLANG_WARN__DUPLICATE_METHOD_MATCH = YES;
				COPY_PHASE_STRIP = NO;
				DEBUG_INFORMATION_FORMAT = dwarf;
				ENABLE_STRICT_OBJC_MSGSEND = YES;
				ENABLE_TESTABILITY = YES;
				GCC_C_LANGUAGE_STANDARD = gnu11;
				GCC_DYNAMIC_NO_PIC = NO;
				GCC_NO_COMMON_BLOCKS = YES;
				GCC_OPTIMIZATION_LEVEL = 0;
				GCC_PREPROCESSOR_DEFINITIONS = (
					"DEBUG=1",
					"$(inherited)",
				);
				GCC_WARN_64_TO_32_BIT_CONVERSION = YES;
				GCC_WARN_ABOUT_RETURN_TYPE = YES_ERROR;
				GCC_WARN_UNDECLARED_SELECTOR = YES;
				GCC_WARN_UNINITIALIZED_AUTOS = YES_AGGRESSIVE;
				GCC_WARN_UNUSED_FUNCTION = YES;
				GCC_WARN_UNUSED_VARIABLE = YES;
				IPHONEOS_DEPLOYMENT_TARGET = 13.6;
				MTL_ENABLE_DEBUG_INFO = INCLUDE_SOURCE;
				MTL_FAST_MATH = YES;
				ONLY_ACTIVE_ARCH = YES;
				SDKROOT = iphoneos;
				SWIFT_ACTIVE_COMPILATION_CONDITIONS = DEBUG;
				SWIFT_OPTIMIZATION_LEVEL = "-Onone";
			};
			name = Debug;
		};
		CCEE328F24DBAF17005B6C76 /* Release */ = {
			isa = XCBuildConfiguration;
			buildSettings = {
				ALWAYS_SEARCH_USER_PATHS = NO;
				CLANG_ANALYZER_NONNULL = YES;
				CLANG_ANALYZER_NUMBER_OBJECT_CONVERSION = YES_AGGRESSIVE;
				CLANG_CXX_LANGUAGE_STANDARD = "gnu++14";
				CLANG_CXX_LIBRARY = "libc++";
				CLANG_ENABLE_MODULES = YES;
				CLANG_ENABLE_OBJC_ARC = YES;
				CLANG_ENABLE_OBJC_WEAK = YES;
				CLANG_WARN_BLOCK_CAPTURE_AUTORELEASING = YES;
				CLANG_WARN_BOOL_CONVERSION = YES;
				CLANG_WARN_COMMA = YES;
				CLANG_WARN_CONSTANT_CONVERSION = YES;
				CLANG_WARN_DEPRECATED_OBJC_IMPLEMENTATIONS = YES;
				CLANG_WARN_DIRECT_OBJC_ISA_USAGE = YES_ERROR;
				CLANG_WARN_DOCUMENTATION_COMMENTS = YES;
				CLANG_WARN_EMPTY_BODY = YES;
				CLANG_WARN_ENUM_CONVERSION = YES;
				CLANG_WARN_INFINITE_RECURSION = YES;
				CLANG_WARN_INT_CONVERSION = YES;
				CLANG_WARN_NON_LITERAL_NULL_CONVERSION = YES;
				CLANG_WARN_OBJC_IMPLICIT_RETAIN_SELF = YES;
				CLANG_WARN_OBJC_LITERAL_CONVERSION = YES;
				CLANG_WARN_OBJC_ROOT_CLASS = YES_ERROR;
				CLANG_WARN_RANGE_LOOP_ANALYSIS = YES;
				CLANG_WARN_STRICT_PROTOTYPES = YES;
				CLANG_WARN_SUSPICIOUS_MOVE = YES;
				CLANG_WARN_UNGUARDED_AVAILABILITY = YES_AGGRESSIVE;
				CLANG_WARN_UNREACHABLE_CODE = YES;
				CLANG_WARN__DUPLICATE_METHOD_MATCH = YES;
				COPY_PHASE_STRIP = NO;
				DEBUG_INFORMATION_FORMAT = "dwarf-with-dsym";
				ENABLE_NS_ASSERTIONS = NO;
				ENABLE_STRICT_OBJC_MSGSEND = YES;
				GCC_C_LANGUAGE_STANDARD = gnu11;
				GCC_NO_COMMON_BLOCKS = YES;
				GCC_WARN_64_TO_32_BIT_CONVERSION = YES;
				GCC_WARN_ABOUT_RETURN_TYPE = YES_ERROR;
				GCC_WARN_UNDECLARED_SELECTOR = YES;
				GCC_WARN_UNINITIALIZED_AUTOS = YES_AGGRESSIVE;
				GCC_WARN_UNUSED_FUNCTION = YES;
				GCC_WARN_UNUSED_VARIABLE = YES;
				IPHONEOS_DEPLOYMENT_TARGET = 13.6;
				MTL_ENABLE_DEBUG_INFO = NO;
				MTL_FAST_MATH = YES;
				SDKROOT = iphoneos;
				SWIFT_COMPILATION_MODE = wholemodule;
				SWIFT_OPTIMIZATION_LEVEL = "-O";
				VALIDATE_PRODUCT = YES;
			};
			name = Release;
		};
		CCEE329124DBAF17005B6C76 /* Debug */ = {
			isa = XCBuildConfiguration;
			buildSettings = {
				ASSETCATALOG_COMPILER_APPICON_NAME = AppIcon;
				CODE_SIGN_STYLE = Automatic;
				DEVELOPMENT_ASSET_PATHS = "\"NeoWeather/Preview Content\"";
				DEVELOPMENT_TEAM = XM288BRHM4;
				ENABLE_PREVIEWS = YES;
				INFOPLIST_FILE = NeoWeather/Info.plist;
				LD_RUNPATH_SEARCH_PATHS = (
					"$(inherited)",
					"@executable_path/Frameworks",
				);
				PRODUCT_BUNDLE_IDENTIFIER = "com.Michael-Haviv.NeoWeather";
				PRODUCT_NAME = "$(TARGET_NAME)";
				SWIFT_VERSION = 5.0;
				TARGETED_DEVICE_FAMILY = "1,2";
			};
			name = Debug;
		};
		CCEE329224DBAF17005B6C76 /* Release */ = {
			isa = XCBuildConfiguration;
			buildSettings = {
				ASSETCATALOG_COMPILER_APPICON_NAME = AppIcon;
				CODE_SIGN_STYLE = Automatic;
				DEVELOPMENT_ASSET_PATHS = "\"NeoWeather/Preview Content\"";
				DEVELOPMENT_TEAM = XM288BRHM4;
				ENABLE_PREVIEWS = YES;
				INFOPLIST_FILE = NeoWeather/Info.plist;
				LD_RUNPATH_SEARCH_PATHS = (
					"$(inherited)",
					"@executable_path/Frameworks",
				);
				PRODUCT_BUNDLE_IDENTIFIER = "com.Michael-Haviv.NeoWeather";
				PRODUCT_NAME = "$(TARGET_NAME)";
				SWIFT_VERSION = 5.0;
				TARGETED_DEVICE_FAMILY = "1,2";
			};
			name = Release;
		};
/* End XCBuildConfiguration section */

/* Begin XCConfigurationList section */
		CCEE327424DBAF12005B6C76 /* Build configuration list for PBXProject "NeoWeather" */ = {
			isa = XCConfigurationList;
			buildConfigurations = (
				CCEE328E24DBAF17005B6C76 /* Debug */,
				CCEE328F24DBAF17005B6C76 /* Release */,
			);
			defaultConfigurationIsVisible = 0;
			defaultConfigurationName = Release;
		};
		CCEE329024DBAF17005B6C76 /* Build configuration list for PBXNativeTarget "NeoWeather" */ = {
			isa = XCConfigurationList;
			buildConfigurations = (
				CCEE329124DBAF17005B6C76 /* Debug */,
				CCEE329224DBAF17005B6C76 /* Release */,
			);
			defaultConfigurationIsVisible = 0;
			defaultConfigurationName = Release;
		};
/* End XCConfigurationList section */

/* Begin XCVersionGroup section */
		CCEE328024DBAF12005B6C76 /* NeoWeather.xcdatamodeld */ = {
			isa = XCVersionGroup;
			children = (
				CCEE328124DBAF12005B6C76 /* NeoWeather.xcdatamodel */,
			);
			currentVersion = CCEE328124DBAF12005B6C76 /* NeoWeather.xcdatamodel */;
			path = NeoWeather.xcdatamodeld;
			sourceTree = "<group>";
			versionGroupType = wrapper.xcdatamodel;
		};
/* End XCVersionGroup section */
	};
	rootObject = CCEE327124DBAF12005B6C76 /* Project object */;
}
